{
    "name": "@esotericsoftware/spine-babylonjs",
    "version": "4.0.28",
    "lockfileVersion": 1,
    "requires": true,
    "dependencies": {
        "@babylonjs/core": {
            "version": "5.7.0",
            "resolved": "https://packages.tombola.com/repository/npm/@babylonjs/core/-/core-5.7.0.tgz",
            "integrity": "sha512-8JnN5TXJHmfMS2Uv/dNWAaQkzU4aHIBzGZpSZb+uH3IDnSAV8Q6ZWJGs6ujLijHu5fWnRG3RsPXdpZTwBffITg==",
            "requires": {
                "tslib": "^2.3.1"
            }
        },
        "@esotericsoftware/spine-core": {
            "version": "4.2.2",
            "resolved": "https://packages.tombola.com/repository/npm/@esotericsoftware/spine-core/-/spine-core-4.2.2.tgz",
            "integrity": "sha512-RaeFRzr30zAQlzCZewDmOZQ60H7N6n72/XrKewTeNsqgcsfnjYALYmfr23UcKMHIw6FSvO1BnvDH0Mc9Hv8IQg=="
        },
        "tslib": {
            "version": "2.4.0",
            "resolved": "https://packages.tombola.com/repository/npm/tslib/-/tslib-2.4.0.tgz",
            "integrity": "sha512-d6xOpEDfsi2CZVlPQzGeux8XMwLT9hssAsaPYExaQMuYskwb+x1x7J371tWlbBdWHroy99KnVB6qIkUbs5X3UQ=="
        }
    }
}
